
Microsoft Visual Studio Solution File, Format Version 12.00
Project("{2150E333-8FDC-42A3-9474-1A3956D46DE8}") = "N1_JsonOperations", "N1_JsonOperations", "{6ECF5114-DD5B-4300-8CBE-B5EF4E97C685}"
EndProject
Project("{FAE04EC0-301F-11D3-BF4B-00C04F79EFBC}") = "N1_DocumentStorage", "N1_DocumentStorage\N1_DocumentStorage.csproj", "{3D865C4B-8153-4345-8225-06E9D1366890}"
EndProject
Global
	GlobalSection(SolutionConfigurationPlatforms) = preSolution
		Debug|Any CPU = Debug|Any CPU
		Release|Any CPU = Release|Any CPU
	EndGlobalSection
	GlobalSection(NestedProjects) = preSolution
		{3D865C4B-8153-4345-8225-06E9D1366890} = {6ECF5114-DD5B-4300-8CBE-B5EF4E97C685}
	EndGlobalSection
	GlobalSection(ProjectConfigurationPlatforms) = postSolution
		{3D865C4B-8153-4345-8225-06E9D1366890}.Debug|Any CPU.ActiveCfg = Debug|Any CPU
		{3D865C4B-8153-4345-8225-06E9D1366890}.Debug|Any CPU.Build.0 = Debug|Any CPU
		{3D865C4B-8153-4345-8225-06E9D1366890}.Release|Any CPU.ActiveCfg = Release|Any CPU
		{3D865C4B-8153-4345-8225-06E9D1366890}.Release|Any CPU.Build.0 = Release|Any CPU
	EndGlobalSection
EndGlobal
